
Microsoft Visual Studio Solution File, Format Version 12.00
# Visual Studio Version 17
VisualStudioVersion = 17.0.31912.275
MinimumVisualStudioVersion = 10.0.40219.1
Project("{9A19103F-16F7-4668-BE54-9A1E7A4F7556}") = "AdventOfCodeConsole", "AdventOfCodeConsole\AdventOfCodeConsole.csproj", "{7C42C3A9-0D61-4F89-AF19-79910E697085}"
EndProject
Project("{FAE04EC0-301F-11D3-BF4B-00C04F79EFBC}") = "AdventOfCode.Graphs", "AdventOfCode.Graphs\AdventOfCode.Graphs.csproj", "{58F4C9EE-4251-4408-9594-A7B4A6AAC6FF}"
EndProject
Global
	GlobalSection(SolutionConfigurationPlatforms) = preSolution
		Debug|Any CPU = Debug|Any CPU
		Release|Any CPU = Release|Any CPU
	EndGlobalSection
	GlobalSection(ProjectConfigurationPlatforms) = postSolution
		{7C42C3A9-0D61-4F89-AF19-79910E697085}.Debug|Any CPU.ActiveCfg = Debug|Any CPU
		{7C42C3A9-0D61-4F89-AF19-79910E697085}.Debug|Any CPU.Build.0 = Debug|Any CPU
		{7C42C3A9-0D61-4F89-AF19-79910E697085}.Release|Any CPU.ActiveCfg = Release|Any CPU
		{7C42C3A9-0D61-4F89-AF19-79910E697085}.Release|Any CPU.Build.0 = Release|Any CPU
		{58F4C9EE-4251-4408-9594-A7B4A6AAC6FF}.Debug|Any CPU.ActiveCfg = Debug|Any CPU
		{58F4C9EE-4251-4408-9594-A7B4A6AAC6FF}.Debug|Any CPU.Build.0 = Debug|Any CPU
		{58F4C9EE-4251-4408-9594-A7B4A6AAC6FF}.Release|Any CPU.ActiveCfg = Release|Any CPU
		{58F4C9EE-4251-4408-9594-A7B4A6AAC6FF}.Release|Any CPU.Build.0 = Release|Any CPU
	EndGlobalSection
	GlobalSection(SolutionProperties) = preSolution
		HideSolutionNode = FALSE
	EndGlobalSection
	GlobalSection(ExtensibilityGlobals) = postSolution
		SolutionGuid = {4C1F6969-5CDB-45FF-8D9F-DB2C7F0C4593}
	EndGlobalSection
EndGlobal
